// !$*UTF8*$!
{
	archiveVersion = 1;
	classes = {
	};
	objectVersion = 46;
	objects = {

/* Begin PBXBuildFile section */
		9904495F1EC5365000ED17C3 /* FLAnimatedImage in Resources */ = {isa = PBXBuildFile; fileRef = 990449371EC5365000ED17C3 /* FLAnimatedImage */; };
		990449601EC5365000ED17C3 /* MKAnnotationView+WebCache.m in Sources */ = {isa = PBXBuildFile; fileRef = 990449391EC5365000ED17C3 /* MKAnnotationView+WebCache.m */; };
		990449611EC5365000ED17C3 /* NSData+ImageContentType.m in Sources */ = {isa = PBXBuildFile; fileRef = 9904493B1EC5365000ED17C3 /* NSData+ImageContentType.m */; };
		990449621EC5365000ED17C3 /* NSImage+WebCache.m in Sources */ = {isa = PBXBuildFile; fileRef = 9904493D1EC5365000ED17C3 /* NSImage+WebCache.m */; };
		990449631EC5365000ED17C3 /* SDImageCache.m in Sources */ = {isa = PBXBuildFile; fileRef = 9904493F1EC5365000ED17C3 /* SDImageCache.m */; };
		990449641EC5365000ED17C3 /* SDImageCacheConfig.m in Sources */ = {isa = PBXBuildFile; fileRef = 990449411EC5365000ED17C3 /* SDImageCacheConfig.m */; };
		990449651EC5365000ED17C3 /* SDWebImageCompat.m in Sources */ = {isa = PBXBuildFile; fileRef = 990449431EC5365000ED17C3 /* SDWebImageCompat.m */; };
		990449661EC5365000ED17C3 /* SDWebImageDecoder.m in Sources */ = {isa = PBXBuildFile; fileRef = 990449451EC5365000ED17C3 /* SDWebImageDecoder.m */; };
		990449671EC5365000ED17C3 /* SDWebImageDownloader.m in Sources */ = {isa = PBXBuildFile; fileRef = 990449471EC5365000ED17C3 /* SDWebImageDownloader.m */; };
		990449681EC5365000ED17C3 /* SDWebImageDownloaderOperation.m in Sources */ = {isa = PBXBuildFile; fileRef = 990449491EC5365000ED17C3 /* SDWebImageDownloaderOperation.m */; };
		990449691EC5365000ED17C3 /* SDWebImageManager.m in Sources */ = {isa = PBXBuildFile; fileRef = 9904494B1EC5365000ED17C3 /* SDWebImageManager.m */; };
		9904496A1EC5365000ED17C3 /* SDWebImagePrefetcher.m in Sources */ = {isa = PBXBuildFile; fileRef = 9904494E1EC5365000ED17C3 /* SDWebImagePrefetcher.m */; };
		9904496B1EC5365000ED17C3 /* UIButton+WebCache.m in Sources */ = {isa = PBXBuildFile; fileRef = 990449501EC5365000ED17C3 /* UIButton+WebCache.m */; };
		9904496C1EC5365000ED17C3 /* UIImage+GIF.m in Sources */ = {isa = PBXBuildFile; fileRef = 990449521EC5365000ED17C3 /* UIImage+GIF.m */; };
		9904496D1EC5365000ED17C3 /* UIImage+MultiFormat.m in Sources */ = {isa = PBXBuildFile; fileRef = 990449541EC5365000ED17C3 /* UIImage+MultiFormat.m */; };
		9904496E1EC5365000ED17C3 /* UIImage+WebP.m in Sources */ = {isa = PBXBuildFile; fileRef = 990449561EC5365000ED17C3 /* UIImage+WebP.m */; };
		9904496F1EC5365000ED17C3 /* UIImageView+HighlightedWebCache.m in Sources */ = {isa = PBXBuildFile; fileRef = 990449581EC5365000ED17C3 /* UIImageView+HighlightedWebCache.m */; };
		990449701EC5365000ED17C3 /* UIImageView+WebCache.m in Sources */ = {isa = PBXBuildFile; fileRef = 9904495A1EC5365000ED17C3 /* UIImageView+WebCache.m */; };
		990449711EC5365000ED17C3 /* UIView+WebCache.m in Sources */ = {isa = PBXBuildFile; fileRef = 9904495C1EC5365000ED17C3 /* UIView+WebCache.m */; };
		990449721EC5365000ED17C3 /* UIView+WebCacheOperation.m in Sources */ = {isa = PBXBuildFile; fileRef = 9904495E1EC5365000ED17C3 /* UIView+WebCacheOperation.m */; };
		990449741EC5DA8800ED17C3 /* location.jpg in Resources */ = {isa = PBXBuildFile; fileRef = 990449731EC5DA8800ED17C3 /* location.jpg */; };
		990449771EC5DE8200ED17C3 /* defaultDetailsLocationOne.jpg in Resources */ = {isa = PBXBuildFile; fileRef = 990449751EC5DE8200ED17C3 /* defaultDetailsLocationOne.jpg */; };
		990449781EC5DE8200ED17C3 /* defaultDetailsLocationTwo.jpg in Resources */ = {isa = PBXBuildFile; fileRef = 990449761EC5DE8200ED17C3 /* defaultDetailsLocationTwo.jpg */; };
		9904497A1EC7633A00ED17C3 /* LogsTableViewCell.swift in Sources */ = {isa = PBXBuildFile; fileRef = 990449791EC7633A00ED17C3 /* LogsTableViewCell.swift */; };
		9904497C1EC83B6C00ED17C3 /* MyLogsTableViewCell.swift in Sources */ = {isa = PBXBuildFile; fileRef = 9904497B1EC83B6C00ED17C3 /* MyLogsTableViewCell.swift */; };
		9913EAA11EA51CD400492252 /* Default-568h@2x.png in Resources */ = {isa = PBXBuildFile; fileRef = 9913EAA01EA51CD400492252 /* Default-568h@2x.png */; };
		993766C51EC4E5080017EB1C /* LocationCellTableViewCell.swift in Sources */ = {isa = PBXBuildFile; fileRef = 993766C41EC4E5080017EB1C /* LocationCellTableViewCell.swift */; };
		9947F3A21E8D053E005D7000 /* AppDelegate.swift in Sources */ = {isa = PBXBuildFile; fileRef = 9947F3A11E8D053D005D7000 /* AppDelegate.swift */; };
		9947F3A41E8D053E005D7000 /* ViewController.swift in Sources */ = {isa = PBXBuildFile; fileRef = 9947F3A31E8D053E005D7000 /* ViewController.swift */; };
		9947F3AA1E8D053E005D7000 /* DiveTripAdvisor.xcdatamodeld in Sources */ = {isa = PBXBuildFile; fileRef = 9947F3A81E8D053E005D7000 /* DiveTripAdvisor.xcdatamodeld */; };
		9947F3AC1E8D053E005D7000 /* Assets.xcassets in Resources */ = {isa = PBXBuildFile; fileRef = 9947F3AB1E8D053E005D7000 /* Assets.xcassets */; };
		9947F3AF1E8D053E005D7000 /* LaunchScreen.storyboard in Resources */ = {isa = PBXBuildFile; fileRef = 9947F3AD1E8D053E005D7000 /* LaunchScreen.storyboard */; };
		9947F3BA1E8D053E005D7000 /* DiveTripAdvisorTests.swift in Sources */ = {isa = PBXBuildFile; fileRef = 9947F3B91E8D053E005D7000 /* DiveTripAdvisorTests.swift */; };
		9947F3C51E8D053E005D7000 /* DiveTripAdvisorUITests.swift in Sources */ = {isa = PBXBuildFile; fileRef = 9947F3C41E8D053E005D7000 /* DiveTripAdvisorUITests.swift */; };
		9947F3D81E8D4088005D7000 /* Log.swift in Sources */ = {isa = PBXBuildFile; fileRef = 9947F3D71E8D4088005D7000 /* Log.swift */; };
		9947F3DA1E8D40B7005D7000 /* User.swift in Sources */ = {isa = PBXBuildFile; fileRef = 9947F3D91E8D40B7005D7000 /* User.swift */; };
		9947F3DD1E8D7B4B005D7000 /* HttpRequester.swift in Sources */ = {isa = PBXBuildFile; fileRef = 9947F3DC1E8D7B4B005D7000 /* HttpRequester.swift */; };
		9947F3DF1E8D7B89005D7000 /* HttpRequesterDelegate.swift in Sources */ = {isa = PBXBuildFile; fileRef = 9947F3DE1E8D7B89005D7000 /* HttpRequesterDelegate.swift */; };
		997F97931EA0BD9E00D21F9E /* DataService.swift in Sources */ = {isa = PBXBuildFile; fileRef = 997F97921EA0BD9E00D21F9E /* DataService.swift */; };
		997F97951EA11F1400D21F9E /* PopUpAddDiveViewController.swift in Sources */ = {isa = PBXBuildFile; fileRef = 997F97941EA11F1400D21F9E /* PopUpAddDiveViewController.swift */; };
		999045CE1E99B0DA00AB52EF /* LocationsTableViewController.swift in Sources */ = {isa = PBXBuildFile; fileRef = 999045CD1E99B0DA00AB52EF /* LocationsTableViewController.swift */; };
		999045D01E9A346900AB52EF /* Book Shelf-50.png in Resources */ = {isa = PBXBuildFile; fileRef = 999045CF1E9A346900AB52EF /* Book Shelf-50.png */; };
		999045D21E9A354F00AB52EF /* Book Shelf-30.png in Resources */ = {isa = PBXBuildFile; fileRef = 999045D11E9A354F00AB52EF /* Book Shelf-30.png */; };
		999045D41E9A35FD00AB52EF /* Marker-30.png in Resources */ = {isa = PBXBuildFile; fileRef = 999045D31E9A35FD00AB52EF /* Marker-30.png */; };
		999045D61E9A385800AB52EF /* Scuba Mask-30.png in Resources */ = {isa = PBXBuildFile; fileRef = 999045D51E9A385800AB52EF /* Scuba Mask-30.png */; };
		999045DA1E9A55AD00AB52EF /* ProfileViewController.swift in Sources */ = {isa = PBXBuildFile; fileRef = 999045D91E9A55AD00AB52EF /* ProfileViewController.swift */; };
		999045DC1E9A661900AB52EF /* Main.storyboard in Resources */ = {isa = PBXBuildFile; fileRef = 999045DB1E9A661900AB52EF /* Main.storyboard */; };
		999045DE1E9AA63F00AB52EF /* PopUpViewController.swift in Sources */ = {isa = PBXBuildFile; fileRef = 999045DD1E9AA63F00AB52EF /* PopUpViewController.swift */; };
		999045E01E9AC6C000AB52EF /* TabViewController.swift in Sources */ = {isa = PBXBuildFile; fileRef = 999045DF1E9AC6C000AB52EF /* TabViewController.swift */; };
		99A702141E9931170028E942 /* LogsTableViewController.swift in Sources */ = {isa = PBXBuildFile; fileRef = 99A702121E9931170028E942 /* LogsTableViewController.swift */; };
		99A702171E994F730028E942 /* Location.swift in Sources */ = {isa = PBXBuildFile; fileRef = 99A702161E994F730028E942 /* Location.swift */; };
		99C1933E1EB5DB6200956400 /* UserSentDataDelegate.swift in Sources */ = {isa = PBXBuildFile; fileRef = 99C1933D1EB5DB6200956400 /* UserSentDataDelegate.swift */; };
		99C193421EB7E1CD00956400 /* LocationDetailViewController.swift in Sources */ = {isa = PBXBuildFile; fileRef = 99C193411EB7E1CD00956400 /* LocationDetailViewController.swift */; };
		99ED2FC41EA68BA600C7981B /* Literature-30.png in Resources */ = {isa = PBXBuildFile; fileRef = 99ED2FC31EA68BA600C7981B /* Literature-30.png */; };
		99ED2FC61EA68C3500C7981B /* MyLogsTableViewController.swift in Sources */ = {isa = PBXBuildFile; fileRef = 99ED2FC51EA68C3500C7981B /* MyLogsTableViewController.swift */; };
/* End PBXBuildFile section */

/* Begin PBXContainerItemProxy section */
		9947F3B61E8D053E005D7000 /* PBXContainerItemProxy */ = {
			isa = PBXContainerItemProxy;
			containerPortal = 9947F3961E8D053D005D7000 /* Project object */;
			proxyType = 1;
			remoteGlobalIDString = 9947F39D1E8D053D005D7000;
			remoteInfo = DiveTripAdvisor;
		};
		9947F3C11E8D053E005D7000 /* PBXContainerItemProxy */ = {
			isa = PBXContainerItemProxy;
			containerPortal = 9947F3961E8D053D005D7000 /* Project object */;
			proxyType = 1;
			remoteGlobalIDString = 9947F39D1E8D053D005D7000;
			remoteInfo = DiveTripAdvisor;
		};
/* End PBXContainerItemProxy section */

/* Begin PBXFileReference section */
		990449361EC5364F00ED17C3 /* DiveTripAdvisor-Bridging-Header.h */ = {isa = PBXFileReference; lastKnownFileType = sourcecode.c.h; path = "DiveTripAdvisor-Bridging-Header.h"; sourceTree = "<group>"; };
		990449371EC5365000ED17C3 /* FLAnimatedImage */ = {isa = PBXFileReference; lastKnownFileType = folder; path = FLAnimatedImage; sourceTree = "<group>"; };
		990449381EC5365000ED17C3 /* MKAnnotationView+WebCache.h */ = {isa = PBXFileReference; fileEncoding = 4; lastKnownFileType = sourcecode.c.h; path = "MKAnnotationView+WebCache.h"; sourceTree = "<group>"; };
		990449391EC5365000ED17C3 /* MKAnnotationView+WebCache.m */ = {isa = PBXFileReference; fileEncoding = 4; lastKnownFileType = sourcecode.c.objc; path = "MKAnnotationView+WebCache.m"; sourceTree = "<group>"; };
		9904493A1EC5365000ED17C3 /* NSData+ImageContentType.h */ = {isa = PBXFileReference; fileEncoding = 4; lastKnownFileType = sourcecode.c.h; path = "NSData+ImageContentType.h"; sourceTree = "<group>"; };
		9904493B1EC5365000ED17C3 /* NSData+ImageContentType.m */ = {isa = PBXFileReference; fileEncoding = 4; lastKnownFileType = sourcecode.c.objc; path = "NSData+ImageContentType.m"; sourceTree = "<group>"; };
		9904493C1EC5365000ED17C3 /* NSImage+WebCache.h */ = {isa = PBXFileReference; fileEncoding = 4; lastKnownFileType = sourcecode.c.h; path = "NSImage+WebCache.h"; sourceTree = "<group>"; };
		9904493D1EC5365000ED17C3 /* NSImage+WebCache.m */ = {isa = PBXFileReference; fileEncoding = 4; lastKnownFileType = sourcecode.c.objc; path = "NSImage+WebCache.m"; sourceTree = "<group>"; };
		9904493E1EC5365000ED17C3 /* SDImageCache.h */ = {isa = PBXFileReference; fileEncoding = 4; lastKnownFileType = sourcecode.c.h; path = SDImageCache.h; sourceTree = "<group>"; };
		9904493F1EC5365000ED17C3 /* SDImageCache.m */ = {isa = PBXFileReference; fileEncoding = 4; lastKnownFileType = sourcecode.c.objc; path = SDImageCache.m; sourceTree = "<group>"; };
		990449401EC5365000ED17C3 /* SDImageCacheConfig.h */ = {isa = PBXFileReference; fileEncoding = 4; lastKnownFileType = sourcecode.c.h; path = SDImageCacheConfig.h; sourceTree = "<group>"; };
		990449411EC5365000ED17C3 /* SDImageCacheConfig.m */ = {isa = PBXFileReference; fileEncoding = 4; lastKnownFileType = sourcecode.c.objc; path = SDImageCacheConfig.m; sourceTree = "<group>"; };
		990449421EC5365000ED17C3 /* SDWebImageCompat.h */ = {isa = PBXFileReference; fileEncoding = 4; lastKnownFileType = sourcecode.c.h; path = SDWebImageCompat.h; sourceTree = "<group>"; };
		990449431EC5365000ED17C3 /* SDWebImageCompat.m */ = {isa = PBXFileReference; fileEncoding = 4; lastKnownFileType = sourcecode.c.objc; path = SDWebImageCompat.m; sourceTree = "<group>"; };
		990449441EC5365000ED17C3 /* SDWebImageDecoder.h */ = {isa = PBXFileReference; fileEncoding = 4; lastKnownFileType = sourcecode.c.h; path = SDWebImageDecoder.h; sourceTree = "<group>"; };
		990449451EC5365000ED17C3 /* SDWebImageDecoder.m */ = {isa = PBXFileReference; fileEncoding = 4; lastKnownFileType = sourcecode.c.objc; path = SDWebImageDecoder.m; sourceTree = "<group>"; };
		990449461EC5365000ED17C3 /* SDWebImageDownloader.h */ = {isa = PBXFileReference; fileEncoding = 4; lastKnownFileType = sourcecode.c.h; path = SDWebImageDownloader.h; sourceTree = "<group>"; };
		990449471EC5365000ED17C3 /* SDWebImageDownloader.m */ = {isa = PBXFileReference; fileEncoding = 4; lastKnownFileType = sourcecode.c.objc; path = SDWebImageDownloader.m; sourceTree = "<group>"; };
		990449481EC5365000ED17C3 /* SDWebImageDownloaderOperation.h */ = {isa = PBXFileReference; fileEncoding = 4; lastKnownFileType = sourcecode.c.h; path = SDWebImageDownloaderOperation.h; sourceTree = "<group>"; };
		990449491EC5365000ED17C3 /* SDWebImageDownloaderOperation.m */ = {isa = PBXFileReference; fileEncoding = 4; lastKnownFileType = sourcecode.c.objc; path = SDWebImageDownloaderOperation.m; sourceTree = "<group>"; };
		9904494A1EC5365000ED17C3 /* SDWebImageManager.h */ = {isa = PBXFileReference; fileEncoding = 4; lastKnownFileType = sourcecode.c.h; path = SDWebImageManager.h; sourceTree = "<group>"; };
		9904494B1EC5365000ED17C3 /* SDWebImageManager.m */ = {isa = PBXFileReference; fileEncoding = 4; lastKnownFileType = sourcecode.c.objc; path = SDWebImageManager.m; sourceTree = "<group>"; };
		9904494C1EC5365000ED17C3 /* SDWebImageOperation.h */ = {isa = PBXFileReference; fileEncoding = 4; lastKnownFileType = sourcecode.c.h; path = SDWebImageOperation.h; sourceTree = "<group>"; };
		9904494D1EC5365000ED17C3 /* SDWebImagePrefetcher.h */ = {isa = PBXFileReference; fileEncoding = 4; lastKnownFileType = sourcecode.c.h; path = SDWebImagePrefetcher.h; sourceTree = "<group>"; };
		9904494E1EC5365000ED17C3 /* SDWebImagePrefetcher.m */ = {isa = PBXFileReference; fileEncoding = 4; lastKnownFileType = sourcecode.c.objc; path = SDWebImagePrefetcher.m; sourceTree = "<group>"; };
		9904494F1EC5365000ED17C3 /* UIButton+WebCache.h */ = {isa = PBXFileReference; fileEncoding = 4; lastKnownFileType = sourcecode.c.h; path = "UIButton+WebCache.h"; sourceTree = "<group>"; };
		990449501EC5365000ED17C3 /* UIButton+WebCache.m */ = {isa = PBXFileReference; fileEncoding = 4; lastKnownFileType = sourcecode.c.objc; path = "UIButton+WebCache.m"; sourceTree = "<group>"; };
		990449511EC5365000ED17C3 /* UIImage+GIF.h */ = {isa = PBXFileReference; fileEncoding = 4; lastKnownFileType = sourcecode.c.h; path = "UIImage+GIF.h"; sourceTree = "<group>"; };
		990449521EC5365000ED17C3 /* UIImage+GIF.m */ = {isa = PBXFileReference; fileEncoding = 4; lastKnownFileType = sourcecode.c.objc; path = "UIImage+GIF.m"; sourceTree = "<group>"; };
		990449531EC5365000ED17C3 /* UIImage+MultiFormat.h */ = {isa = PBXFileReference; fileEncoding = 4; lastKnownFileType = sourcecode.c.h; path = "UIImage+MultiFormat.h"; sourceTree = "<group>"; };
		990449541EC5365000ED17C3 /* UIImage+MultiFormat.m */ = {isa = PBXFileReference; fileEncoding = 4; lastKnownFileType = sourcecode.c.objc; path = "UIImage+MultiFormat.m"; sourceTree = "<group>"; };
		990449551EC5365000ED17C3 /* UIImage+WebP.h */ = {isa = PBXFileReference; fileEncoding = 4; lastKnownFileType = sourcecode.c.h; path = "UIImage+WebP.h"; sourceTree = "<group>"; };
		990449561EC5365000ED17C3 /* UIImage+WebP.m */ = {isa = PBXFileReference; fileEncoding = 4; lastKnownFileType = sourcecode.c.objc; path = "UIImage+WebP.m"; sourceTree = "<group>"; };
		990449571EC5365000ED17C3 /* UIImageView+HighlightedWebCache.h */ = {isa = PBXFileReference; fileEncoding = 4; lastKnownFileType = sourcecode.c.h; path = "UIImageView+HighlightedWebCache.h"; sourceTree = "<group>"; };
		990449581EC5365000ED17C3 /* UIImageView+HighlightedWebCache.m */ = {isa = PBXFileReference; fileEncoding = 4; lastKnownFileType = sourcecode.c.objc; path = "UIImageView+HighlightedWebCache.m"; sourceTree = "<group>"; };
		990449591EC5365000ED17C3 /* UIImageView+WebCache.h */ = {isa = PBXFileReference; fileEncoding = 4; lastKnownFileType = sourcecode.c.h; path = "UIImageView+WebCache.h"; sourceTree = "<group>"; };
		9904495A1EC5365000ED17C3 /* UIImageView+WebCache.m */ = {isa = PBXFileReference; fileEncoding = 4; lastKnownFileType = sourcecode.c.objc; path = "UIImageView+WebCache.m"; sourceTree = "<group>"; };
		9904495B1EC5365000ED17C3 /* UIView+WebCache.h */ = {isa = PBXFileReference; fileEncoding = 4; lastKnownFileType = sourcecode.c.h; path = "UIView+WebCache.h"; sourceTree = "<group>"; };
		9904495C1EC5365000ED17C3 /* UIView+WebCache.m */ = {isa = PBXFileReference; fileEncoding = 4; lastKnownFileType = sourcecode.c.objc; path = "UIView+WebCache.m"; sourceTree = "<group>"; };
		9904495D1EC5365000ED17C3 /* UIView+WebCacheOperation.h */ = {isa = PBXFileReference; fileEncoding = 4; lastKnownFileType = sourcecode.c.h; path = "UIView+WebCacheOperation.h"; sourceTree = "<group>"; };
		9904495E1EC5365000ED17C3 /* UIView+WebCacheOperation.m */ = {isa = PBXFileReference; fileEncoding = 4; lastKnownFileType = sourcecode.c.objc; path = "UIView+WebCacheOperation.m"; sourceTree = "<group>"; };
		990449731EC5DA8800ED17C3 /* location.jpg */ = {isa = PBXFileReference; lastKnownFileType = image.jpeg; name = location.jpg; path = Assets.xcassets/location.jpg; sourceTree = "<group>"; };
		990449751EC5DE8200ED17C3 /* defaultDetailsLocationOne.jpg */ = {isa = PBXFileReference; lastKnownFileType = image.jpeg; name = defaultDetailsLocationOne.jpg; path = Assets.xcassets/defaultDetailsLocationOne.jpg; sourceTree = "<group>"; };
		990449761EC5DE8200ED17C3 /* defaultDetailsLocationTwo.jpg */ = {isa = PBXFileReference; lastKnownFileType = image.jpeg; name = defaultDetailsLocationTwo.jpg; path = Assets.xcassets/defaultDetailsLocationTwo.jpg; sourceTree = "<group>"; };
		990449791EC7633A00ED17C3 /* LogsTableViewCell.swift */ = {isa = PBXFileReference; fileEncoding = 4; lastKnownFileType = sourcecode.swift; name = LogsTableViewCell.swift; path = ViewControllers/LogsTableViewCell.swift; sourceTree = "<group>"; };
		9904497B1EC83B6C00ED17C3 /* MyLogsTableViewCell.swift */ = {isa = PBXFileReference; fileEncoding = 4; lastKnownFileType = sourcecode.swift; name = MyLogsTableViewCell.swift; path = ViewControllers/MyLogsTableViewCell.swift; sourceTree = "<group>"; };
		9913EAA01EA51CD400492252 /* Default-568h@2x.png */ = {isa = PBXFileReference; lastKnownFileType = image.png; path = "Default-568h@2x.png"; sourceTree = "<group>"; };
		993766C41EC4E5080017EB1C /* LocationCellTableViewCell.swift */ = {isa = PBXFileReference; fileEncoding = 4; lastKnownFileType = sourcecode.swift; name = LocationCellTableViewCell.swift; path = Models/LocationCellTableViewCell.swift; sourceTree = "<group>"; };
		9947F39E1E8D053D005D7000 /* DiveTripAdvisor.app */ = {isa = PBXFileReference; explicitFileType = wrapper.application; includeInIndex = 0; path = DiveTripAdvisor.app; sourceTree = BUILT_PRODUCTS_DIR; };
		9947F3A11E8D053D005D7000 /* AppDelegate.swift */ = {isa = PBXFileReference; lastKnownFileType = sourcecode.swift; name = AppDelegate.swift; path = DiveTripAdvisor/AppDelegate.swift; sourceTree = "<group>"; };
		9947F3A31E8D053E005D7000 /* ViewController.swift */ = {isa = PBXFileReference; lastKnownFileType = sourcecode.swift; path = ViewController.swift; sourceTree = "<group>"; };
		9947F3A91E8D053E005D7000 /* DiveTripAdvisor.xcdatamodel */ = {isa = PBXFileReference; lastKnownFileType = wrapper.xcdatamodel; path = DiveTripAdvisor.xcdatamodel; sourceTree = "<group>"; };
		9947F3AB1E8D053E005D7000 /* Assets.xcassets */ = {isa = PBXFileReference; lastKnownFileType = folder.assetcatalog; path = Assets.xcassets; sourceTree = "<group>"; };
		9947F3AE1E8D053E005D7000 /* Base */ = {isa = PBXFileReference; lastKnownFileType = file.storyboard; name = Base; path = Base.lproj/LaunchScreen.storyboard; sourceTree = "<group>"; };
		9947F3B01E8D053E005D7000 /* Info.plist */ = {isa = PBXFileReference; lastKnownFileType = text.plist.xml; name = Info.plist; path = DiveTripAdvisor/Info.plist; sourceTree = "<group>"; };
		9947F3B51E8D053E005D7000 /* DiveTripAdvisorTests.xctest */ = {isa = PBXFileReference; explicitFileType = wrapper.cfbundle; includeInIndex = 0; path = DiveTripAdvisorTests.xctest; sourceTree = BUILT_PRODUCTS_DIR; };
		9947F3B91E8D053E005D7000 /* DiveTripAdvisorTests.swift */ = {isa = PBXFileReference; lastKnownFileType = sourcecode.swift; path = DiveTripAdvisorTests.swift; sourceTree = "<group>"; };
		9947F3BB1E8D053E005D7000 /* Info.plist */ = {isa = PBXFileReference; lastKnownFileType = text.plist.xml; path = Info.plist; sourceTree = "<group>"; };
		9947F3C01E8D053E005D7000 /* DiveTripAdvisorUITests.xctest */ = {isa = PBXFileReference; explicitFileType = wrapper.cfbundle; includeInIndex = 0; path = DiveTripAdvisorUITests.xctest; sourceTree = BUILT_PRODUCTS_DIR; };
		9947F3C41E8D053E005D7000 /* DiveTripAdvisorUITests.swift */ = {isa = PBXFileReference; lastKnownFileType = sourcecode.swift; path = DiveTripAdvisorUITests.swift; sourceTree = "<group>"; };
		9947F3C61E8D053E005D7000 /* Info.plist */ = {isa = PBXFileReference; lastKnownFileType = text.plist.xml; path = Info.plist; sourceTree = "<group>"; };
		9947F3D71E8D4088005D7000 /* Log.swift */ = {isa = PBXFileReference; fileEncoding = 4; lastKnownFileType = sourcecode.swift; path = Log.swift; sourceTree = "<group>"; };
		9947F3D91E8D40B7005D7000 /* User.swift */ = {isa = PBXFileReference; fileEncoding = 4; lastKnownFileType = sourcecode.swift; path = User.swift; sourceTree = "<group>"; };
		9947F3DC1E8D7B4B005D7000 /* HttpRequester.swift */ = {isa = PBXFileReference; fileEncoding = 4; lastKnownFileType = sourcecode.swift; path = HttpRequester.swift; sourceTree = "<group>"; };
		9947F3DE1E8D7B89005D7000 /* HttpRequesterDelegate.swift */ = {isa = PBXFileReference; fileEncoding = 4; lastKnownFileType = sourcecode.swift; path = HttpRequesterDelegate.swift; sourceTree = "<group>"; };
		997F97921EA0BD9E00D21F9E /* DataService.swift */ = {isa = PBXFileReference; fileEncoding = 4; lastKnownFileType = sourcecode.swift; path = DataService.swift; sourceTree = "<group>"; };
		997F97941EA11F1400D21F9E /* PopUpAddDiveViewController.swift */ = {isa = PBXFileReference; fileEncoding = 4; lastKnownFileType = sourcecode.swift; name = PopUpAddDiveViewController.swift; path = ViewControllers/PopUpAddDiveViewController.swift; sourceTree = "<group>"; };
		999045CD1E99B0DA00AB52EF /* LocationsTableViewController.swift */ = {isa = PBXFileReference; fileEncoding = 4; lastKnownFileType = sourcecode.swift; name = LocationsTableViewController.swift; path = ViewControllers/LocationsTableViewController.swift; sourceTree = "<group>"; };
		999045CF1E9A346900AB52EF /* Book Shelf-50.png */ = {isa = PBXFileReference; lastKnownFileType = image.png; name = "Book Shelf-50.png"; path = "Assets.xcassets/Book Shelf-50.png"; sourceTree = "<group>"; };
		999045D11E9A354F00AB52EF /* Book Shelf-30.png */ = {isa = PBXFileReference; lastKnownFileType = image.png; name = "Book Shelf-30.png"; path = "Assets.xcassets/Book Shelf-30.png"; sourceTree = "<group>"; };
		999045D31E9A35FD00AB52EF /* Marker-30.png */ = {isa = PBXFileReference; lastKnownFileType = image.png; name = "Marker-30.png"; path = "Assets.xcassets/Marker-30.png"; sourceTree = "<group>"; };
		999045D51E9A385800AB52EF /* Scuba Mask-30.png */ = {isa = PBXFileReference; lastKnownFileType = image.png; name = "Scuba Mask-30.png"; path = "Assets.xcassets/Scuba Mask-30.png"; sourceTree = "<group>"; };
		999045D91E9A55AD00AB52EF /* ProfileViewController.swift */ = {isa = PBXFileReference; fileEncoding = 4; lastKnownFileType = sourcecode.swift; name = ProfileViewController.swift; path = ViewControllers/ProfileViewController.swift; sourceTree = "<group>"; };
		999045DB1E9A661900AB52EF /* Main.storyboard */ = {isa = PBXFileReference; fileEncoding = 4; lastKnownFileType = file.storyboard; name = Main.storyboard; path = DiveTripAdvisor/Main.storyboard; sourceTree = "<group>"; };
		999045DD1E9AA63F00AB52EF /* PopUpViewController.swift */ = {isa = PBXFileReference; fileEncoding = 4; lastKnownFileType = sourcecode.swift; name = PopUpViewController.swift; path = ViewControllers/PopUpViewController.swift; sourceTree = "<group>"; };
		999045DF1E9AC6C000AB52EF /* TabViewController.swift */ = {isa = PBXFileReference; fileEncoding = 4; lastKnownFileType = sourcecode.swift; name = TabViewController.swift; path = ViewControllers/TabViewController.swift; sourceTree = "<group>"; };
		99A702121E9931170028E942 /* LogsTableViewController.swift */ = {isa = PBXFileReference; fileEncoding = 4; lastKnownFileType = sourcecode.swift; path = LogsTableViewController.swift; sourceTree = "<group>"; };
		99A702161E994F730028E942 /* Location.swift */ = {isa = PBXFileReference; fileEncoding = 4; lastKnownFileType = sourcecode.swift; path = Location.swift; sourceTree = "<group>"; };
		99C1933D1EB5DB6200956400 /* UserSentDataDelegate.swift */ = {isa = PBXFileReference; fileEncoding = 4; lastKnownFileType = sourcecode.swift; path = UserSentDataDelegate.swift; sourceTree = "<group>"; };
		99C193411EB7E1CD00956400 /* LocationDetailViewController.swift */ = {isa = PBXFileReference; fileEncoding = 4; lastKnownFileType = sourcecode.swift; name = LocationDetailViewController.swift; path = ViewControllers/LocationDetailViewController.swift; sourceTree = "<group>"; };
		99ED2FC11EA68B4B00C7981B /* Assets.xcassets */ = {isa = PBXFileReference; lastKnownFileType = folder.assetcatalog; path = Assets.xcassets; sourceTree = "<group>"; };
		99ED2FC31EA68BA600C7981B /* Literature-30.png */ = {isa = PBXFileReference; lastKnownFileType = image.png; name = "Literature-30.png"; path = "Assets.xcassets/Literature-30.png"; sourceTree = "<group>"; };
		99ED2FC51EA68C3500C7981B /* MyLogsTableViewController.swift */ = {isa = PBXFileReference; fileEncoding = 4; lastKnownFileType = sourcecode.swift; name = MyLogsTableViewController.swift; path = ViewControllers/MyLogsTableViewController.swift; sourceTree = "<group>"; };
/* End PBXFileReference section */

/* Begin PBXFrameworksBuildPhase section */
		9947F39B1E8D053D005D7000 /* Frameworks */ = {
			isa = PBXFrameworksBuildPhase;
			buildActionMask = 2147483647;
			files = (
			);
			runOnlyForDeploymentPostprocessing = 0;
		};
		9947F3B21E8D053E005D7000 /* Frameworks */ = {
			isa = PBXFrameworksBuildPhase;
			buildActionMask = 2147483647;
			files = (
			);
			runOnlyForDeploymentPostprocessing = 0;
		};
		9947F3BD1E8D053E005D7000 /* Frameworks */ = {
			isa = PBXFrameworksBuildPhase;
			buildActionMask = 2147483647;
			files = (
			);
			runOnlyForDeploymentPostprocessing = 0;
		};
/* End PBXFrameworksBuildPhase section */

/* Begin PBXGroup section */
		990449351EC535F500ED17C3 /* SDWebImage */ = {
			isa = PBXGroup;
			children = (
				990449371EC5365000ED17C3 /* FLAnimatedImage */,
				990449381EC5365000ED17C3 /* MKAnnotationView+WebCache.h */,
				990449391EC5365000ED17C3 /* MKAnnotationView+WebCache.m */,
				9904493A1EC5365000ED17C3 /* NSData+ImageContentType.h */,
				9904493B1EC5365000ED17C3 /* NSData+ImageContentType.m */,
				9904493C1EC5365000ED17C3 /* NSImage+WebCache.h */,
				9904493D1EC5365000ED17C3 /* NSImage+WebCache.m */,
				9904493E1EC5365000ED17C3 /* SDImageCache.h */,
				9904493F1EC5365000ED17C3 /* SDImageCache.m */,
				990449401EC5365000ED17C3 /* SDImageCacheConfig.h */,
				990449411EC5365000ED17C3 /* SDImageCacheConfig.m */,
				990449421EC5365000ED17C3 /* SDWebImageCompat.h */,
				990449431EC5365000ED17C3 /* SDWebImageCompat.m */,
				990449441EC5365000ED17C3 /* SDWebImageDecoder.h */,
				990449451EC5365000ED17C3 /* SDWebImageDecoder.m */,
				990449461EC5365000ED17C3 /* SDWebImageDownloader.h */,
				990449471EC5365000ED17C3 /* SDWebImageDownloader.m */,
				990449481EC5365000ED17C3 /* SDWebImageDownloaderOperation.h */,
				990449491EC5365000ED17C3 /* SDWebImageDownloaderOperation.m */,
				9904494A1EC5365000ED17C3 /* SDWebImageManager.h */,
				9904494B1EC5365000ED17C3 /* SDWebImageManager.m */,
				9904494C1EC5365000ED17C3 /* SDWebImageOperation.h */,
				9904494D1EC5365000ED17C3 /* SDWebImagePrefetcher.h */,
				9904494E1EC5365000ED17C3 /* SDWebImagePrefetcher.m */,
				9904494F1EC5365000ED17C3 /* UIButton+WebCache.h */,
				990449501EC5365000ED17C3 /* UIButton+WebCache.m */,
				990449511EC5365000ED17C3 /* UIImage+GIF.h */,
				990449521EC5365000ED17C3 /* UIImage+GIF.m */,
				990449531EC5365000ED17C3 /* UIImage+MultiFormat.h */,
				990449541EC5365000ED17C3 /* UIImage+MultiFormat.m */,
				990449551EC5365000ED17C3 /* UIImage+WebP.h */,
				990449561EC5365000ED17C3 /* UIImage+WebP.m */,
				990449571EC5365000ED17C3 /* UIImageView+HighlightedWebCache.h */,
				990449581EC5365000ED17C3 /* UIImageView+HighlightedWebCache.m */,
				990449591EC5365000ED17C3 /* UIImageView+WebCache.h */,
				9904495A1EC5365000ED17C3 /* UIImageView+WebCache.m */,
				9904495B1EC5365000ED17C3 /* UIView+WebCache.h */,
				9904495C1EC5365000ED17C3 /* UIView+WebCache.m */,
				9904495D1EC5365000ED17C3 /* UIView+WebCacheOperation.h */,
				9904495E1EC5365000ED17C3 /* UIView+WebCacheOperation.m */,
				990449361EC5364F00ED17C3 /* DiveTripAdvisor-Bridging-Header.h */,
			);
			name = SDWebImage;
			sourceTree = "<group>";
		};
		9947F3951E8D053D005D7000 = {
			isa = PBXGroup;
			children = (
				9913EAA01EA51CD400492252 /* Default-568h@2x.png */,
				999045DB1E9A661900AB52EF /* Main.storyboard */,
				9947F3A01E8D053D005D7000 /* DiveTripAdvisor */,
				9947F3B81E8D053E005D7000 /* DiveTripAdvisorTests */,
				9947F3C31E8D053E005D7000 /* DiveTripAdvisorUITests */,
				9947F39F1E8D053D005D7000 /* Products */,
			);
			sourceTree = "<group>";
		};
		9947F39F1E8D053D005D7000 /* Products */ = {
			isa = PBXGroup;
			children = (
				9947F39E1E8D053D005D7000 /* DiveTripAdvisor.app */,
				9947F3B51E8D053E005D7000 /* DiveTripAdvisorTests.xctest */,
				9947F3C01E8D053E005D7000 /* DiveTripAdvisorUITests.xctest */,
			);
			name = Products;
			sourceTree = "<group>";
		};
		9947F3A01E8D053D005D7000 /* DiveTripAdvisor */ = {
			isa = PBXGroup;
			children = (
				990449351EC535F500ED17C3 /* SDWebImage */,
				9987CC681EA020FA00FF7A8C /* Data */,
				99A7020D1E992AC60028E942 /* ViewControllers */,
				9947F3DB1E8D7B2B005D7000 /* Http */,
				9947F3D41E8D3C9A005D7000 /* Models */,
				9947F3D31E8D0CB0005D7000 /* Assets */,
				9947F3D21E8D0C29005D7000 /* SwiftFiles */,
			);
			path = DiveTripAdvisor;
			sourceTree = "<group>";
		};
		9947F3B81E8D053E005D7000 /* DiveTripAdvisorTests */ = {
			isa = PBXGroup;
			children = (
				9947F3B91E8D053E005D7000 /* DiveTripAdvisorTests.swift */,
				9947F3BB1E8D053E005D7000 /* Info.plist */,
			);
			path = DiveTripAdvisorTests;
			sourceTree = "<group>";
		};
		9947F3C31E8D053E005D7000 /* DiveTripAdvisorUITests */ = {
			isa = PBXGroup;
			children = (
				9947F3C41E8D053E005D7000 /* DiveTripAdvisorUITests.swift */,
				9947F3C61E8D053E005D7000 /* Info.plist */,
			);
			path = DiveTripAdvisorUITests;
			sourceTree = "<group>";
		};
		9947F3D21E8D0C29005D7000 /* SwiftFiles */ = {
			isa = PBXGroup;
			children = (
				9947F3AD1E8D053E005D7000 /* LaunchScreen.storyboard */,
				9947F3A81E8D053E005D7000 /* DiveTripAdvisor.xcdatamodeld */,
				9947F3B01E8D053E005D7000 /* Info.plist */,
				9947F3A11E8D053D005D7000 /* AppDelegate.swift */,
			);
			name = SwiftFiles;
			path = ..;
			sourceTree = "<group>";
		};
		9947F3D31E8D0CB0005D7000 /* Assets */ = {
			isa = PBXGroup;
			children = (
				990449751EC5DE8200ED17C3 /* defaultDetailsLocationOne.jpg */,
				990449761EC5DE8200ED17C3 /* defaultDetailsLocationTwo.jpg */,
				990449731EC5DA8800ED17C3 /* location.jpg */,
				99ED2FC31EA68BA600C7981B /* Literature-30.png */,
				99ED2FC11EA68B4B00C7981B /* Assets.xcassets */,
				999045D51E9A385800AB52EF /* Scuba Mask-30.png */,
				999045D31E9A35FD00AB52EF /* Marker-30.png */,
				999045D11E9A354F00AB52EF /* Book Shelf-30.png */,
				999045CF1E9A346900AB52EF /* Book Shelf-50.png */,
				9947F3AB1E8D053E005D7000 /* Assets.xcassets */,
			);
			name = Assets;
			sourceTree = "<group>";
		};
		9947F3D41E8D3C9A005D7000 /* Models */ = {
			isa = PBXGroup;
			children = (
				9947F3D71E8D4088005D7000 /* Log.swift */,
				9947F3D91E8D40B7005D7000 /* User.swift */,
				99A702161E994F730028E942 /* Location.swift */,
			);
			name = Models;
			sourceTree = "<group>";
		};
		9947F3DB1E8D7B2B005D7000 /* Http */ = {
			isa = PBXGroup;
			children = (
				9947F3DC1E8D7B4B005D7000 /* HttpRequester.swift */,
				9947F3DE1E8D7B89005D7000 /* HttpRequesterDelegate.swift */,
			);
			name = Http;
			sourceTree = "<group>";
		};
		9987CC681EA020FA00FF7A8C /* Data */ = {
			isa = PBXGroup;
			children = (
				997F97921EA0BD9E00D21F9E /* DataService.swift */,
				99C1933D1EB5DB6200956400 /* UserSentDataDelegate.swift */,
			);
			name = Data;
			sourceTree = "<group>";
		};
		99A7020D1E992AC60028E942 /* ViewControllers */ = {
			isa = PBXGroup;
			children = (
				999045DD1E9AA63F00AB52EF /* PopUpViewController.swift */,
				9947F3A31E8D053E005D7000 /* ViewController.swift */,
				99A702121E9931170028E942 /* LogsTableViewController.swift */,
				990449791EC7633A00ED17C3 /* LogsTableViewCell.swift */,
				999045CD1E99B0DA00AB52EF /* LocationsTableViewController.swift */,
				993766C41EC4E5080017EB1C /* LocationCellTableViewCell.swift */,
				99C193411EB7E1CD00956400 /* LocationDetailViewController.swift */,
				999045D91E9A55AD00AB52EF /* ProfileViewController.swift */,
				999045DF1E9AC6C000AB52EF /* TabViewController.swift */,
				997F97941EA11F1400D21F9E /* PopUpAddDiveViewController.swift */,
				99ED2FC51EA68C3500C7981B /* MyLogsTableViewController.swift */,
				9904497B1EC83B6C00ED17C3 /* MyLogsTableViewCell.swift */,
			);
			name = ViewControllers;
			sourceTree = "<group>";
		};
/* End PBXGroup section */

/* Begin PBXNativeTarget section */
		9947F39D1E8D053D005D7000 /* DiveTripAdvisor */ = {
			isa = PBXNativeTarget;
			buildConfigurationList = 9947F3C91E8D053E005D7000 /* Build configuration list for PBXNativeTarget "DiveTripAdvisor" */;
			buildPhases = (
				9947F39A1E8D053D005D7000 /* Sources */,
				9947F39B1E8D053D005D7000 /* Frameworks */,
				9947F39C1E8D053D005D7000 /* Resources */,
			);
			buildRules = (
			);
			dependencies = (
			);
			name = DiveTripAdvisor;
			productName = DiveTripAdvisor;
			productReference = 9947F39E1E8D053D005D7000 /* DiveTripAdvisor.app */;
			productType = "com.apple.product-type.application";
		};
		9947F3B41E8D053E005D7000 /* DiveTripAdvisorTests */ = {
			isa = PBXNativeTarget;
			buildConfigurationList = 9947F3CC1E8D053E005D7000 /* Build configuration list for PBXNativeTarget "DiveTripAdvisorTests" */;
			buildPhases = (
				9947F3B11E8D053E005D7000 /* Sources */,
				9947F3B21E8D053E005D7000 /* Frameworks */,
				9947F3B31E8D053E005D7000 /* Resources */,
			);
			buildRules = (
			);
			dependencies = (
				9947F3B71E8D053E005D7000 /* PBXTargetDependency */,
			);
			name = DiveTripAdvisorTests;
			productName = DiveTripAdvisorTests;
			productReference = 9947F3B51E8D053E005D7000 /* DiveTripAdvisorTests.xctest */;
			productType = "com.apple.product-type.bundle.unit-test";
		};
		9947F3BF1E8D053E005D7000 /* DiveTripAdvisorUITests */ = {
			isa = PBXNativeTarget;
			buildConfigurationList = 9947F3CF1E8D053E005D7000 /* Build configuration list for PBXNativeTarget "DiveTripAdvisorUITests" */;
			buildPhases = (
				9947F3BC1E8D053E005D7000 /* Sources */,
				9947F3BD1E8D053E005D7000 /* Frameworks */,
				9947F3BE1E8D053E005D7000 /* Resources */,
			);
			buildRules = (
			);
			dependencies = (
				9947F3C21E8D053E005D7000 /* PBXTargetDependency */,
			);
			name = DiveTripAdvisorUITests;
			productName = DiveTripAdvisorUITests;
			productReference = 9947F3C01E8D053E005D7000 /* DiveTripAdvisorUITests.xctest */;
			productType = "com.apple.product-type.bundle.ui-testing";
		};
/* End PBXNativeTarget section */

/* Begin PBXProject section */
		9947F3961E8D053D005D7000 /* Project object */ = {
			isa = PBXProject;
			attributes = {
				LastSwiftUpdateCheck = 0820;
				LastUpgradeCheck = 0830;
				ORGANIZATIONNAME = "Alexandrina Hajigeorgieva";
				TargetAttributes = {
					9947F39D1E8D053D005D7000 = {
						CreatedOnToolsVersion = 8.2.1;
						LastSwiftMigration = 0830;
						ProvisioningStyle = Automatic;
					};
					9947F3B41E8D053E005D7000 = {
						CreatedOnToolsVersion = 8.2.1;
						ProvisioningStyle = Automatic;
						TestTargetID = 9947F39D1E8D053D005D7000;
					};
					9947F3BF1E8D053E005D7000 = {
						CreatedOnToolsVersion = 8.2.1;
						ProvisioningStyle = Automatic;
						TestTargetID = 9947F39D1E8D053D005D7000;
					};
				};
			};
			buildConfigurationList = 9947F3991E8D053D005D7000 /* Build configuration list for PBXProject "DiveTripAdvisor" */;
			compatibilityVersion = "Xcode 3.2";
			developmentRegion = English;
			hasScannedForEncodings = 0;
			knownRegions = (
				en,
				Base,
			);
			mainGroup = 9947F3951E8D053D005D7000;
			productRefGroup = 9947F39F1E8D053D005D7000 /* Products */;
			projectDirPath = "";
			projectRoot = "";
			targets = (
				9947F39D1E8D053D005D7000 /* DiveTripAdvisor */,
				9947F3B41E8D053E005D7000 /* DiveTripAdvisorTests */,
				9947F3BF1E8D053E005D7000 /* DiveTripAdvisorUITests */,
			);
		};
/* End PBXProject section */

/* Begin PBXResourcesBuildPhase section */
		9947F39C1E8D053D005D7000 /* Resources */ = {
			isa = PBXResourcesBuildPhase;
			buildActionMask = 2147483647;
			files = (
				999045DC1E9A661900AB52EF /* Main.storyboard in Resources */,
				99ED2FC41EA68BA600C7981B /* Literature-30.png in Resources */,
				990449781EC5DE8200ED17C3 /* defaultDetailsLocationTwo.jpg in Resources */,
				9947F3AF1E8D053E005D7000 /* LaunchScreen.storyboard in Resources */,
				9947F3AC1E8D053E005D7000 /* Assets.xcassets in Resources */,
				990449741EC5DA8800ED17C3 /* location.jpg in Resources */,
				999045D41E9A35FD00AB52EF /* Marker-30.png in Resources */,
				990449771EC5DE8200ED17C3 /* defaultDetailsLocationOne.jpg in Resources */,
				999045D61E9A385800AB52EF /* Scuba Mask-30.png in Resources */,
				9913EAA11EA51CD400492252 /* Default-568h@2x.png in Resources */,
				9904495F1EC5365000ED17C3 /* FLAnimatedImage in Resources */,
				999045D21E9A354F00AB52EF /* Book Shelf-30.png in Resources */,
				999045D01E9A346900AB52EF /* Book Shelf-50.png in Resources */,
			);
			runOnlyForDeploymentPostprocessing = 0;
		};
		9947F3B31E8D053E005D7000 /* Resources */ = {
			isa = PBXResourcesBuildPhase;
			buildActionMask = 2147483647;
			files = (
			);
			runOnlyForDeploymentPostprocessing = 0;
		};
		9947F3BE1E8D053E005D7000 /* Resources */ = {
			isa = PBXResourcesBuildPhase;
			buildActionMask = 2147483647;
			files = (
			);
			runOnlyForDeploymentPostprocessing = 0;
		};
/* End PBXResourcesBuildPhase section */

/* Begin PBXSourcesBuildPhase section */
		9947F39A1E8D053D005D7000 /* Sources */ = {
			isa = PBXSourcesBuildPhase;
			buildActionMask = 2147483647;
			files = (
				990449661EC5365000ED17C3 /* SDWebImageDecoder.m in Sources */,
				999045CE1E99B0DA00AB52EF /* LocationsTableViewController.swift in Sources */,
				997F97931EA0BD9E00D21F9E /* DataService.swift in Sources */,
				990449631EC5365000ED17C3 /* SDImageCache.m in Sources */,
				9947F3A41E8D053E005D7000 /* ViewController.swift in Sources */,
				9947F3D81E8D4088005D7000 /* Log.swift in Sources */,
				990449621EC5365000ED17C3 /* NSImage+WebCache.m in Sources */,
				990449611EC5365000ED17C3 /* NSData+ImageContentType.m in Sources */,
				990449651EC5365000ED17C3 /* SDWebImageCompat.m in Sources */,
				99C193421EB7E1CD00956400 /* LocationDetailViewController.swift in Sources */,
				9904497C1EC83B6C00ED17C3 /* MyLogsTableViewCell.swift in Sources */,
				9904496D1EC5365000ED17C3 /* UIImage+MultiFormat.m in Sources */,
				9904496C1EC5365000ED17C3 /* UIImage+GIF.m in Sources */,
				990449671EC5365000ED17C3 /* SDWebImageDownloader.m in Sources */,
				9947F3AA1E8D053E005D7000 /* DiveTripAdvisor.xcdatamodeld in Sources */,
				990449701EC5365000ED17C3 /* UIImageView+WebCache.m in Sources */,
				9904496B1EC5365000ED17C3 /* UIButton+WebCache.m in Sources */,
				999045E01E9AC6C000AB52EF /* TabViewController.swift in Sources */,
				990449711EC5365000ED17C3 /* UIView+WebCache.m in Sources */,
				99C1933E1EB5DB6200956400 /* UserSentDataDelegate.swift in Sources */,
				9947F3DF1E8D7B89005D7000 /* HttpRequesterDelegate.swift in Sources */,
				993766C51EC4E5080017EB1C /* LocationCellTableViewCell.swift in Sources */,
				99A702171E994F730028E942 /* Location.swift in Sources */,
				999045DA1E9A55AD00AB52EF /* ProfileViewController.swift in Sources */,
				990449681EC5365000ED17C3 /* SDWebImageDownloaderOperation.m in Sources */,
				990449721EC5365000ED17C3 /* UIView+WebCacheOperation.m in Sources */,
				999045DE1E9AA63F00AB52EF /* PopUpViewController.swift in Sources */,
				990449601EC5365000ED17C3 /* MKAnnotationView+WebCache.m in Sources */,
				9904496A1EC5365000ED17C3 /* SDWebImagePrefetcher.m in Sources */,
				9904496E1EC5365000ED17C3 /* UIImage+WebP.m in Sources */,
				990449691EC5365000ED17C3 /* SDWebImageManager.m in Sources */,
				997F97951EA11F1400D21F9E /* PopUpAddDiveViewController.swift in Sources */,
				99A702141E9931170028E942 /* LogsTableViewController.swift in Sources */,
				990449641EC5365000ED17C3 /* SDImageCacheConfig.m in Sources */,
				99ED2FC61EA68C3500C7981B /* MyLogsTableViewController.swift in Sources */,
				9904497A1EC7633A00ED17C3 /* LogsTableViewCell.swift in Sources */,
				9947F3DA1E8D40B7005D7000 /* User.swift in Sources */,
				9947F3DD1E8D7B4B005D7000 /* HttpRequester.swift in Sources */,
				9904496F1EC5365000ED17C3 /* UIImageView+HighlightedWebCache.m in Sources */,
				9947F3A21E8D053E005D7000 /* AppDelegate.swift in Sources */,
			);
			runOnlyForDeploymentPostprocessing = 0;
		};
		9947F3B11E8D053E005D7000 /* Sources */ = {
			isa = PBXSourcesBuildPhase;
			buildActionMask = 2147483647;
			files = (
				9947F3BA1E8D053E005D7000 /* DiveTripAdvisorTests.swift in Sources */,
			);
			runOnlyForDeploymentPostprocessing = 0;
		};
		9947F3BC1E8D053E005D7000 /* Sources */ = {
			isa = PBXSourcesBuildPhase;
			buildActionMask = 2147483647;
			files = (
				9947F3C51E8D053E005D7000 /* DiveTripAdvisorUITests.swift in Sources */,
			);
			runOnlyForDeploymentPostprocessing = 0;
		};
/* End PBXSourcesBuildPhase section */

/* Begin PBXTargetDependency section */
		9947F3B71E8D053E005D7000 /* PBXTargetDependency */ = {
			isa = PBXTargetDependency;
			target = 9947F39D1E8D053D005D7000 /* DiveTripAdvisor */;
			targetProxy = 9947F3B61E8D053E005D7000 /* PBXContainerItemProxy */;
		};
		9947F3C21E8D053E005D7000 /* PBXTargetDependency */ = {
			isa = PBXTargetDependency;
			target = 9947F39D1E8D053D005D7000 /* DiveTripAdvisor */;
			targetProxy = 9947F3C11E8D053E005D7000 /* PBXContainerItemProxy */;
		};
/* End PBXTargetDependency section */

/* Begin PBXVariantGroup section */
		9947F3AD1E8D053E005D7000 /* LaunchScreen.storyboard */ = {
			isa = PBXVariantGroup;
			children = (
				9947F3AE1E8D053E005D7000 /* Base */,
			);
			name = LaunchScreen.storyboard;
			path = DiveTripAdvisor;
			sourceTree = "<group>";
		};
/* End PBXVariantGroup section */

/* Begin XCBuildConfiguration section */
		9947F3C71E8D053E005D7000 /* Debug */ = {
			isa = XCBuildConfiguration;
			buildSettings = {
				ALWAYS_SEARCH_USER_PATHS = NO;
				CLANG_ANALYZER_NONNULL = YES;
				CLANG_CXX_LANGUAGE_STANDARD = "gnu++0x";
				CLANG_CXX_LIBRARY = "libc++";
				CLANG_ENABLE_MODULES = YES;
				CLANG_ENABLE_OBJC_ARC = YES;
				CLANG_WARN_BOOL_CONVERSION = YES;
				CLANG_WARN_CONSTANT_CONVERSION = YES;
				CLANG_WARN_DIRECT_OBJC_ISA_USAGE = YES_ERROR;
				CLANG_WARN_DOCUMENTATION_COMMENTS = YES;
				CLANG_WARN_EMPTY_BODY = YES;
				CLANG_WARN_ENUM_CONVERSION = YES;
				CLANG_WARN_INFINITE_RECURSION = YES;
				CLANG_WARN_INT_CONVERSION = YES;
				CLANG_WARN_OBJC_ROOT_CLASS = YES_ERROR;
				CLANG_WARN_SUSPICIOUS_MOVE = YES;
				CLANG_WARN_UNREACHABLE_CODE = YES;
				CLANG_WARN__DUPLICATE_METHOD_MATCH = YES;
				"CODE_SIGN_IDENTITY[sdk=iphoneos*]" = "iPhone Developer";
				COPY_PHASE_STRIP = NO;
				DEBUG_INFORMATION_FORMAT = dwarf;
				ENABLE_STRICT_OBJC_MSGSEND = YES;
				ENABLE_TESTABILITY = YES;
				FRAMEWORK_SEARCH_PATHS = "$(SRCROOT)/**";
				"FRAMEWORK_SEARCH_PATHS[arch=*]" = "";
				GCC_C_LANGUAGE_STANDARD = gnu99;
				GCC_DYNAMIC_NO_PIC = NO;
				GCC_NO_COMMON_BLOCKS = YES;
				GCC_OPTIMIZATION_LEVEL = 0;
				GCC_PREPROCESSOR_DEFINITIONS = (
					"DEBUG=1",
					"$(inherited)",
				);
				GCC_WARN_64_TO_32_BIT_CONVERSION = YES;
				GCC_WARN_ABOUT_RETURN_TYPE = YES_ERROR;
				GCC_WARN_UNDECLARED_SELECTOR = YES;
				GCC_WARN_UNINITIALIZED_AUTOS = YES_AGGRESSIVE;
				GCC_WARN_UNUSED_FUNCTION = YES;
				GCC_WARN_UNUSED_VARIABLE = YES;
				IPHONEOS_DEPLOYMENT_TARGET = 10.3;
				MTL_ENABLE_DEBUG_INFO = YES;
				ONLY_ACTIVE_ARCH = YES;
				OTHER_LDFLAGS = "-ObjC";
				"OTHER_LDFLAGS[arch=*]" = "";
				SDKROOT = iphoneos;
				SWIFT_ACTIVE_COMPILATION_CONDITIONS = DEBUG;
				SWIFT_OPTIMIZATION_LEVEL = "-Onone";
				TARGETED_DEVICE_FAMILY = "1,2";
			};
			name = Debug;
		};
		9947F3C81E8D053E005D7000 /* Release */ = {
			isa = XCBuildConfiguration;
			buildSettings = {
				ALWAYS_SEARCH_USER_PATHS = NO;
				CLANG_ANALYZER_NONNULL = YES;
				CLANG_CXX_LANGUAGE_STANDARD = "gnu++0x";
				CLANG_CXX_LIBRARY = "libc++";
				CLANG_ENABLE_MODULES = YES;
				CLANG_ENABLE_OBJC_ARC = YES;
				CLANG_WARN_BOOL_CONVERSION = YES;
				CLANG_WARN_CONSTANT_CONVERSION = YES;
				CLANG_WARN_DIRECT_OBJC_ISA_USAGE = YES_ERROR;
				CLANG_WARN_DOCUMENTATION_COMMENTS = YES;
				CLANG_WARN_EMPTY_BODY = YES;
				CLANG_WARN_ENUM_CONVERSION = YES;
				CLANG_WARN_INFINITE_RECURSION = YES;
				CLANG_WARN_INT_CONVERSION = YES;
				CLANG_WARN_OBJC_ROOT_CLASS = YES_ERROR;
				CLANG_WARN_SUSPICIOUS_MOVE = YES;
				CLANG_WARN_UNREACHABLE_CODE = YES;
				CLANG_WARN__DUPLICATE_METHOD_MATCH = YES;
				"CODE_SIGN_IDENTITY[sdk=iphoneos*]" = "iPhone Developer";
				COPY_PHASE_STRIP = NO;
				DEBUG_INFORMATION_FORMAT = "dwarf-with-dsym";
				ENABLE_NS_ASSERTIONS = NO;
				ENABLE_STRICT_OBJC_MSGSEND = YES;
				FRAMEWORK_SEARCH_PATHS = "$(SRCROOT)/**";
				GCC_C_LANGUAGE_STANDARD = gnu99;
				GCC_NO_COMMON_BLOCKS = YES;
				GCC_WARN_64_TO_32_BIT_CONVERSION = YES;
				GCC_WARN_ABOUT_RETURN_TYPE = YES_ERROR;
				GCC_WARN_UNDECLARED_SELECTOR = YES;
				GCC_WARN_UNINITIALIZED_AUTOS = YES_AGGRESSIVE;
				GCC_WARN_UNUSED_FUNCTION = YES;
				GCC_WARN_UNUSED_VARIABLE = YES;
				IPHONEOS_DEPLOYMENT_TARGET = 10.3;
				MTL_ENABLE_DEBUG_INFO = NO;
				OTHER_LDFLAGS = "-ObjC";
				SDKROOT = iphoneos;
				SWIFT_OPTIMIZATION_LEVEL = "-Owholemodule";
				TARGETED_DEVICE_FAMILY = "1,2";
				VALIDATE_PRODUCT = YES;
			};
			name = Release;
		};
		9947F3CA1E8D053E005D7000 /* Debug */ = {
			isa = XCBuildConfiguration;
			buildSettings = {
				ALWAYS_SEARCH_USER_PATHS = YES;
				ASSETCATALOG_COMPILER_APPICON_NAME = AppIcon;
				CLANG_ENABLE_MODULES = YES;
				"HEADER_SEARCH_PATHS[arch=*]" = "$(SRCROOT)/SDWebImage";
				INFOPLIST_FILE = DiveTripAdvisor/Info.plist;
				LD_RUNPATH_SEARCH_PATHS = "$(inherited) @executable_path/Frameworks";
				PRODUCT_BUNDLE_IDENTIFIER = AH.DiveTripAdvisor;
				PRODUCT_NAME = "$(TARGET_NAME)";
				SWIFT_OBJC_BRIDGING_HEADER = "DiveTripAdvisor/DiveTripAdvisor-Bridging-Header.h";
				SWIFT_OPTIMIZATION_LEVEL = "-Onone";
				SWIFT_VERSION = 3.0;
			};
			name = Debug;
		};
		9947F3CB1E8D053E005D7000 /* Release */ = {
			isa = XCBuildConfiguration;
			buildSettings = {
				ALWAYS_SEARCH_USER_PATHS = YES;
				ASSETCATALOG_COMPILER_APPICON_NAME = AppIcon;
				CLANG_ENABLE_MODULES = YES;
				"HEADER_SEARCH_PATHS[arch=*]" = "$(SRCROOT)/SDWebImage";
				INFOPLIST_FILE = DiveTripAdvisor/Info.plist;
				LD_RUNPATH_SEARCH_PATHS = "$(inherited) @executable_path/Frameworks";
				PRODUCT_BUNDLE_IDENTIFIER = AH.DiveTripAdvisor;
				PRODUCT_NAME = "$(TARGET_NAME)";
				SWIFT_OBJC_BRIDGING_HEADER = "DiveTripAdvisor/DiveTripAdvisor-Bridging-Header.h";
				SWIFT_VERSION = 3.0;
			};
			name = Release;
		};
		9947F3CD1E8D053E005D7000 /* Debug */ = {
			isa = XCBuildConfiguration;
			buildSettings = {
				ALWAYS_EMBED_SWIFT_STANDARD_LIBRARIES = YES;
				BUNDLE_LOADER = "$(TEST_HOST)";
				INFOPLIST_FILE = DiveTripAdvisorTests/Info.plist;
				LD_RUNPATH_SEARCH_PATHS = "$(inherited) @executable_path/Frameworks @loader_path/Frameworks";
				PRODUCT_BUNDLE_IDENTIFIER = AH.DiveTripAdvisorTests;
				PRODUCT_NAME = "$(TARGET_NAME)";
				SWIFT_VERSION = 3.0;
				TEST_HOST = "$(BUILT_PRODUCTS_DIR)/DiveTripAdvisor.app/DiveTripAdvisor";
			};
			name = Debug;
		};
		9947F3CE1E8D053E005D7000 /* Release */ = {
			isa = XCBuildConfiguration;
			buildSettings = {
				ALWAYS_EMBED_SWIFT_STANDARD_LIBRARIES = YES;
				BUNDLE_LOADER = "$(TEST_HOST)";
				INFOPLIST_FILE = DiveTripAdvisorTests/Info.plist;
				LD_RUNPATH_SEARCH_PATHS = "$(inherited) @executable_path/Frameworks @loader_path/Frameworks";
				PRODUCT_BUNDLE_IDENTIFIER = AH.DiveTripAdvisorTests;
				PRODUCT_NAME = "$(TARGET_NAME)";
				SWIFT_VERSION = 3.0;
				TEST_HOST = "$(BUILT_PRODUCTS_DIR)/DiveTripAdvisor.app/DiveTripAdvisor";
			};
			name = Release;
		};
		9947F3D01E8D053E005D7000 /* Debug */ = {
			isa = XCBuildConfiguration;
			buildSettings = {
				ALWAYS_EMBED_SWIFT_STANDARD_LIBRARIES = YES;
				INFOPLIST_FILE = DiveTripAdvisorUITests/Info.plist;
				LD_RUNPATH_SEARCH_PATHS = "$(inherited) @executable_path/Frameworks @loader_path/Frameworks";
				PRODUCT_BUNDLE_IDENTIFIER = AH.DiveTripAdvisorUITests;
				PRODUCT_NAME = "$(TARGET_NAME)";
				SWIFT_VERSION = 3.0;
				TEST_TARGET_NAME = DiveTripAdvisor;
			};
			name = Debug;
		};
		9947F3D11E8D053E005D7000 /* Release */ = {
			isa = XCBuildConfiguration;
			buildSettings = {
				ALWAYS_EMBED_SWIFT_STANDARD_LIBRARIES = YES;
				INFOPLIST_FILE = DiveTripAdvisorUITests/Info.plist;
				LD_RUNPATH_SEARCH_PATHS = "$(inherited) @executable_path/Frameworks @loader_path/Frameworks";
				PRODUCT_BUNDLE_IDENTIFIER = AH.DiveTripAdvisorUITests;
				PRODUCT_NAME = "$(TARGET_NAME)";
				SWIFT_VERSION = 3.0;
				TEST_TARGET_NAME = DiveTripAdvisor;
			};
			name = Release;
		};
/* End XCBuildConfiguration section */

/* Begin XCConfigurationList section */
		9947F3991E8D053D005D7000 /* Build configuration list for PBXProject "DiveTripAdvisor" */ = {
			isa = XCConfigurationList;
			buildConfigurations = (
				9947F3C71E8D053E005D7000 /* Debug */,
				9947F3C81E8D053E005D7000 /* Release */,
			);
			defaultConfigurationIsVisible = 0;
			defaultConfigurationName = Release;
		};
		9947F3C91E8D053E005D7000 /* Build configuration list for PBXNativeTarget "DiveTripAdvisor" */ = {
			isa = XCConfigurationList;
			buildConfigurations = (
				9947F3CA1E8D053E005D7000 /* Debug */,
				9947F3CB1E8D053E005D7000 /* Release */,
			);
			defaultConfigurationIsVisible = 0;
			defaultConfigurationName = Release;
		};
		9947F3CC1E8D053E005D7000 /* Build configuration list for PBXNativeTarget "DiveTripAdvisorTests" */ = {
			isa = XCConfigurationList;
			buildConfigurations = (
				9947F3CD1E8D053E005D7000 /* Debug */,
				9947F3CE1E8D053E005D7000 /* Release */,
			);
			defaultConfigurationIsVisible = 0;
			defaultConfigurationName = Release;
		};
		9947F3CF1E8D053E005D7000 /* Build configuration list for PBXNativeTarget "DiveTripAdvisorUITests" */ = {
			isa = XCConfigurationList;
			buildConfigurations = (
				9947F3D01E8D053E005D7000 /* Debug */,
				9947F3D11E8D053E005D7000 /* Release */,
			);
			defaultConfigurationIsVisible = 0;
			defaultConfigurationName = Release;
		};
/* End XCConfigurationList section */

/* Begin XCVersionGroup section */
		9947F3A81E8D053E005D7000 /* DiveTripAdvisor.xcdatamodeld */ = {
			isa = XCVersionGroup;
			children = (
				9947F3A91E8D053E005D7000 /* DiveTripAdvisor.xcdatamodel */,
			);
			currentVersion = 9947F3A91E8D053E005D7000 /* DiveTripAdvisor.xcdatamodel */;
			name = DiveTripAdvisor.xcdatamodeld;
			path = DiveTripAdvisor/DiveTripAdvisor.xcdatamodeld;
			sourceTree = "<group>";
			versionGroupType = wrapper.xcdatamodel;
		};
/* End XCVersionGroup section */
	};
	rootObject = 9947F3961E8D053D005D7000 /* Project object */;
}
